
Microsoft Visual Studio Solution File, Format Version 12.00
# Visual Studio Version 17
VisualStudioVersion = 17.9.34723.18
MinimumVisualStudioVersion = 10.0.40219.1
Project("{FAE04EC0-301F-11D3-BF4B-00C04F79EFBC}") = "acertouPerdeu2.0", "acertouPerdeu2.0\acertouPerdeu2.0.csproj", "{645FF788-B38F-40E4-9A3D-B7236B24C243}"
EndProject
Global
	GlobalSection(SolutionConfigurationPlatforms) = preSolution
		Debug|Any CPU = Debug|Any CPU
		Release|Any CPU = Release|Any CPU
	EndGlobalSection
	GlobalSection(ProjectConfigurationPlatforms) = postSolution
		{645FF788-B38F-40E4-9A3D-B7236B24C243}.Debug|Any CPU.ActiveCfg = Debug|Any CPU
		{645FF788-B38F-40E4-9A3D-B7236B24C243}.Debug|Any CPU.Build.0 = Debug|Any CPU
		{645FF788-B38F-40E4-9A3D-B7236B24C243}.Release|Any CPU.ActiveCfg = Release|Any CPU
		{645FF788-B38F-40E4-9A3D-B7236B24C243}.Release|Any CPU.Build.0 = Release|Any CPU
	EndGlobalSection
	GlobalSection(SolutionProperties) = preSolution
		HideSolutionNode = FALSE
	EndGlobalSection
	GlobalSection(ExtensibilityGlobals) = postSolution
		SolutionGuid = {D7E3D04C-06F7-4928-9631-FA458C852E4C}
	EndGlobalSection
EndGlobal
